
Microsoft Visual Studio Solution File, Format Version 12.00
# Visual Studio 15
Project("{FAE04EC0-301F-11D3-BF4B-00C04F79EFBC}") = "ConvertedData", "ConvertedData\ConvertedData.csproj", "{FAF19071-34C4-4CD2-A7AB-0A2EC74A294D}"
EndProject
Global
	GlobalSection(SolutionConfigurationPlatforms) = preSolution
		Debug|anycpu = Debug|anycpu
		Release|anycpu = Release|anycpu
	EndGlobalSection
	GlobalSection(ProjectConfigurationPlatforms) = postSolution
		{FAF19071-34C4-4CD2-A7AB-0A2EC74A294D}.Debug|anycpu.ActiveCfg = Debug|anycpu
		{FAF19071-34C4-4CD2-A7AB-0A2EC74A294D}.Debug|anycpu.Build.0 = Debug|anycpu
		{FAF19071-34C4-4CD2-A7AB-0A2EC74A294D}.Release|anycpu.ActiveCfg = Release|anycpu
		{FAF19071-34C4-4CD2-A7AB-0A2EC74A294D}.Release|anycpu.Build.0 = Release|anycpu
	EndGlobalSection
EndGlobal
