
Microsoft Visual Studio Solution File, Format Version 12.00
# Visual Studio Version 16
VisualStudioVersion = 16.0.30128.74
MinimumVisualStudioVersion = 10.0.40219.1
Project("{FAE04EC0-301F-11D3-BF4B-00C04F79EFBC}") = "TimeTrackerApp", "TimeTrackerApp\TimeTrackerApp.csproj", "{62324ADE-5490-4F10-91EB-21EEEA56A64E}"
EndProject
Global
	GlobalSection(SolutionConfigurationPlatforms) = preSolution
		Debug|Any CPU = Debug|Any CPU
		Release|Any CPU = Release|Any CPU
	EndGlobalSection
	GlobalSection(ProjectConfigurationPlatforms) = postSolution
		{62324ADE-5490-4F10-91EB-21EEEA56A64E}.Debug|Any CPU.ActiveCfg = Debug|Any CPU
		{62324ADE-5490-4F10-91EB-21EEEA56A64E}.Debug|Any CPU.Build.0 = Debug|Any CPU
		{62324ADE-5490-4F10-91EB-21EEEA56A64E}.Release|Any CPU.ActiveCfg = Release|Any CPU
		{62324ADE-5490-4F10-91EB-21EEEA56A64E}.Release|Any CPU.Build.0 = Release|Any CPU
	EndGlobalSection
	GlobalSection(SolutionProperties) = preSolution
		HideSolutionNode = FALSE
	EndGlobalSection
	GlobalSection(ExtensibilityGlobals) = postSolution
		SolutionGuid = {8A6BF9AE-994B-44D1-B621-8ED46593EEF6}
	EndGlobalSection
EndGlobal
